
Microsoft Visual Studio Solution File, Format Version 12.00
# Visual Studio Version 16
VisualStudioVersion = 16.0.30804.86
MinimumVisualStudioVersion = 10.0.40219.1
Project("{FAE04EC0-301F-11D3-BF4B-00C04F79EFBC}") = "NET PROJECT api", "NET PROJECT api.csproj", "{43E2B801-C929-42CF-9C63-D462D6CDF062}"
EndProject
Global
	GlobalSection(SolutionConfigurationPlatforms) = preSolution
		Debug|Any CPU = Debug|Any CPU
		Release|Any CPU = Release|Any CPU
	EndGlobalSection
	GlobalSection(ProjectConfigurationPlatforms) = postSolution
		{43E2B801-C929-42CF-9C63-D462D6CDF062}.Debug|Any CPU.ActiveCfg = Debug|Any CPU
		{43E2B801-C929-42CF-9C63-D462D6CDF062}.Debug|Any CPU.Build.0 = Debug|Any CPU
		{43E2B801-C929-42CF-9C63-D462D6CDF062}.Release|Any CPU.ActiveCfg = Release|Any CPU
		{43E2B801-C929-42CF-9C63-D462D6CDF062}.Release|Any CPU.Build.0 = Release|Any CPU
	EndGlobalSection
	GlobalSection(SolutionProperties) = preSolution
		HideSolutionNode = FALSE
	EndGlobalSection
	GlobalSection(ExtensibilityGlobals) = postSolution
		SolutionGuid = {E95AC096-9CB4-453B-B44A-754DD5EB236B}
	EndGlobalSection
EndGlobal
